
Microsoft Visual Studio Solution File, Format Version 11.00
# Visual Studio 2010
Project("{2150E333-8FDC-42A3-9474-1A3956D46DE8}") = "1-Layers", "1-Layers", "{CD171F0C-0E83-4995-B820-A63986CEB02A}"
EndProject
Project("{2150E333-8FDC-42A3-9474-1A3956D46DE8}") = "1.2 Distributed Services", "1.2 Distributed Services", "{A7DF8444-F702-4673-8355-0E8E472D2F8F}"
EndProject
Project("{2150E333-8FDC-42A3-9474-1A3956D46DE8}") = "1.3 Application", "1.3 Application", "{1B28D76C-65F2-4442-9AFC-C67650D903AE}"
EndProject
Project("{2150E333-8FDC-42A3-9474-1A3956D46DE8}") = "1.4 Domain", "1.4 Domain", "{ED825F9C-771A-4041-B6F5-5AFD719A7D12}"
EndProject
Project("{2150E333-8FDC-42A3-9474-1A3956D46DE8}") = "1.5 Infraestructure", "1.5 Infraestructure", "{4AA6FCD4-C78C-481D-85F8-907CEBD74DA2}"
EndProject
Project("{2150E333-8FDC-42A3-9474-1A3956D46DE8}") = "1.5.1 Data", "1.5.1 Data", "{E4147BEB-2DC0-4CC0-ACF4-EFA70103141D}"
EndProject
Project("{2150E333-8FDC-42A3-9474-1A3956D46DE8}") = "1.5.1.1 Core", "1.5.1.1 Core", "{AE91482B-725D-4630-AE86-BCD86A85A0B4}"
EndProject
Project("{2150E333-8FDC-42A3-9474-1A3956D46DE8}") = "1.5.1.2 Main Module", "1.5.1.2 Main Module", "{B13121F8-1D3F-482C-96EA-06675871102A}"
EndProject
Project("{2150E333-8FDC-42A3-9474-1A3956D46DE8}") = "1.5.2 Cross Cutting", "1.5.2 Cross Cutting", "{E5EEBB40-5059-4028-9123-965972B01E35}"
EndProject
Project("{FAE04EC0-301F-11D3-BF4B-00C04F79EFBC}") = "GTGAData", "GTGAData\GTGAData.csproj", "{5B5678E4-6C11-4A70-A90B-BF7673D081FD}"
EndProject
Project("{FAE04EC0-301F-11D3-BF4B-00C04F79EFBC}") = "GTGApplication", "GTGApplication\GTGApplication.csproj", "{D39C86A4-D4AD-4747-A918-35C36A2846D8}"
EndProject
Project("{FAE04EC0-301F-11D3-BF4B-00C04F79EFBC}") = "GTGADomain", "GTGADomain\GTGADomain.csproj", "{1DE70537-B106-4DD3-8849-879D1F6CB5A3}"
EndProject
Project("{FAE04EC0-301F-11D3-BF4B-00C04F79EFBC}") = "GTGATrackingForm", "GTGATrackingForm\GTGATrackingForm.csproj", "{A23AB591-0BC9-4147-AE82-F48211244C2A}"
EndProject
Project("{F088123C-0E9E-452A-89E6-6BA2F21D5CAC}") = "Doc", "Doc\Doc.modelproj", "{EFC8B703-C31F-4A00-BE93-B8F28F52CFED}"
EndProject
Project("{2150E333-8FDC-42A3-9474-1A3956D46DE8}") = "Test", "Test", "{38EFCF35-CC29-45C2-A822-408D9845A911}"
EndProject
Project("{FAE04EC0-301F-11D3-BF4B-00C04F79EFBC}") = "Test", "Test\Test.csproj", "{EEB3EA0A-1F71-4187-AA58-A8BC6B46981B}"
EndProject
Project("{2150E333-8FDC-42A3-9474-1A3956D46DE8}") = "Solution Items", "Solution Items", "{A971E9EA-667A-4B11-9670-64EED36B3F35}"
	ProjectSection(SolutionItems) = preProject
		GTGATracker.vsmdi = GTGATracker.vsmdi
		Local.testsettings = Local.testsettings
		TraceAndTestImpact.testsettings = TraceAndTestImpact.testsettings
	EndProjectSection
EndProject
Project("{FAE04EC0-301F-11D3-BF4B-00C04F79EFBC}") = "GTGAWinService", "GTGAWinService\GTGAWinService.csproj", "{0B6AA1D5-FE41-4EF2-9BE3-AE47D45680AA}"
EndProject
Project("{FAE04EC0-301F-11D3-BF4B-00C04F79EFBC}") = "LogWriter", "LogWriter\LogWriter.csproj", "{7731F7AD-15D5-45EC-AE35-60B498E7973C}"
EndProject
Project("{54435603-DBB4-11D2-8724-00A0C9A8B90C}") = "GTGATrackerInstaller", "GTGATrackerInstaller\GTGATrackerInstaller.vdproj", "{8228D578-E9D3-4063-9C97-33A6639916E5}"
EndProject
Global
	GlobalSection(TestCaseManagementSettings) = postSolution
		CategoryFile = GTGATracker.vsmdi
	EndGlobalSection
	GlobalSection(SolutionConfigurationPlatforms) = preSolution
		Debug|Any CPU = Debug|Any CPU
		Debug|Mixed Platforms = Debug|Mixed Platforms
		Debug|x86 = Debug|x86
		Release|Any CPU = Release|Any CPU
		Release|Mixed Platforms = Release|Mixed Platforms
		Release|x86 = Release|x86
	EndGlobalSection
	GlobalSection(ProjectConfigurationPlatforms) = postSolution
		{5B5678E4-6C11-4A70-A90B-BF7673D081FD}.Debug|Any CPU.ActiveCfg = Debug|Any CPU
		{5B5678E4-6C11-4A70-A90B-BF7673D081FD}.Debug|Any CPU.Build.0 = Debug|Any CPU
		{5B5678E4-6C11-4A70-A90B-BF7673D081FD}.Debug|Mixed Platforms.ActiveCfg = Debug|Any CPU
		{5B5678E4-6C11-4A70-A90B-BF7673D081FD}.Debug|Mixed Platforms.Build.0 = Debug|Any CPU
		{5B5678E4-6C11-4A70-A90B-BF7673D081FD}.Debug|x86.ActiveCfg = Debug|Any CPU
		{5B5678E4-6C11-4A70-A90B-BF7673D081FD}.Release|Any CPU.ActiveCfg = Release|Any CPU
		{5B5678E4-6C11-4A70-A90B-BF7673D081FD}.Release|Any CPU.Build.0 = Release|Any CPU
		{5B5678E4-6C11-4A70-A90B-BF7673D081FD}.Release|Mixed Platforms.ActiveCfg = Release|Any CPU
		{5B5678E4-6C11-4A70-A90B-BF7673D081FD}.Release|Mixed Platforms.Build.0 = Release|Any CPU
		{5B5678E4-6C11-4A70-A90B-BF7673D081FD}.Release|x86.ActiveCfg = Release|Any CPU
		{D39C86A4-D4AD-4747-A918-35C36A2846D8}.Debug|Any CPU.ActiveCfg = Debug|Any CPU
		{D39C86A4-D4AD-4747-A918-35C36A2846D8}.Debug|Any CPU.Build.0 = Debug|Any CPU
		{D39C86A4-D4AD-4747-A918-35C36A2846D8}.Debug|Mixed Platforms.ActiveCfg = Debug|Any CPU
		{D39C86A4-D4AD-4747-A918-35C36A2846D8}.Debug|Mixed Platforms.Build.0 = Debug|Any CPU
		{D39C86A4-D4AD-4747-A918-35C36A2846D8}.Debug|x86.ActiveCfg = Debug|Any CPU
		{D39C86A4-D4AD-4747-A918-35C36A2846D8}.Release|Any CPU.ActiveCfg = Release|Any CPU
		{D39C86A4-D4AD-4747-A918-35C36A2846D8}.Release|Any CPU.Build.0 = Release|Any CPU
		{D39C86A4-D4AD-4747-A918-35C36A2846D8}.Release|Mixed Platforms.ActiveCfg = Release|Any CPU
		{D39C86A4-D4AD-4747-A918-35C36A2846D8}.Release|Mixed Platforms.Build.0 = Release|Any CPU
		{D39C86A4-D4AD-4747-A918-35C36A2846D8}.Release|x86.ActiveCfg = Release|Any CPU
		{1DE70537-B106-4DD3-8849-879D1F6CB5A3}.Debug|Any CPU.ActiveCfg = Debug|Any CPU
		{1DE70537-B106-4DD3-8849-879D1F6CB5A3}.Debug|Any CPU.Build.0 = Debug|Any CPU
		{1DE70537-B106-4DD3-8849-879D1F6CB5A3}.Debug|Mixed Platforms.ActiveCfg = Debug|Any CPU
		{1DE70537-B106-4DD3-8849-879D1F6CB5A3}.Debug|Mixed Platforms.Build.0 = Debug|Any CPU
		{1DE70537-B106-4DD3-8849-879D1F6CB5A3}.Debug|x86.ActiveCfg = Debug|Any CPU
		{1DE70537-B106-4DD3-8849-879D1F6CB5A3}.Release|Any CPU.ActiveCfg = Release|Any CPU
		{1DE70537-B106-4DD3-8849-879D1F6CB5A3}.Release|Any CPU.Build.0 = Release|Any CPU
		{1DE70537-B106-4DD3-8849-879D1F6CB5A3}.Release|Mixed Platforms.ActiveCfg = Release|Any CPU
		{1DE70537-B106-4DD3-8849-879D1F6CB5A3}.Release|Mixed Platforms.Build.0 = Release|Any CPU
		{1DE70537-B106-4DD3-8849-879D1F6CB5A3}.Release|x86.ActiveCfg = Release|Any CPU
		{A23AB591-0BC9-4147-AE82-F48211244C2A}.Debug|Any CPU.ActiveCfg = Debug|Any CPU
		{A23AB591-0BC9-4147-AE82-F48211244C2A}.Debug|Any CPU.Build.0 = Debug|Any CPU
		{A23AB591-0BC9-4147-AE82-F48211244C2A}.Debug|Mixed Platforms.ActiveCfg = Debug|x86
		{A23AB591-0BC9-4147-AE82-F48211244C2A}.Debug|Mixed Platforms.Build.0 = Debug|x86
		{A23AB591-0BC9-4147-AE82-F48211244C2A}.Debug|x86.ActiveCfg = Debug|x86
		{A23AB591-0BC9-4147-AE82-F48211244C2A}.Debug|x86.Build.0 = Debug|x86
		{A23AB591-0BC9-4147-AE82-F48211244C2A}.Release|Any CPU.ActiveCfg = Release|x86
		{A23AB591-0BC9-4147-AE82-F48211244C2A}.Release|Mixed Platforms.ActiveCfg = Release|x86
		{A23AB591-0BC9-4147-AE82-F48211244C2A}.Release|Mixed Platforms.Build.0 = Release|x86
		{A23AB591-0BC9-4147-AE82-F48211244C2A}.Release|x86.ActiveCfg = Release|x86
		{A23AB591-0BC9-4147-AE82-F48211244C2A}.Release|x86.Build.0 = Release|x86
		{EFC8B703-C31F-4A00-BE93-B8F28F52CFED}.Debug|Any CPU.ActiveCfg = Debug|Any CPU
		{EFC8B703-C31F-4A00-BE93-B8F28F52CFED}.Debug|Any CPU.Build.0 = Debug|Any CPU
		{EFC8B703-C31F-4A00-BE93-B8F28F52CFED}.Debug|Mixed Platforms.ActiveCfg = Debug|Any CPU
		{EFC8B703-C31F-4A00-BE93-B8F28F52CFED}.Debug|Mixed Platforms.Build.0 = Debug|Any CPU
		{EFC8B703-C31F-4A00-BE93-B8F28F52CFED}.Debug|x86.ActiveCfg = Debug|Any CPU
		{EFC8B703-C31F-4A00-BE93-B8F28F52CFED}.Release|Any CPU.ActiveCfg = Release|Any CPU
		{EFC8B703-C31F-4A00-BE93-B8F28F52CFED}.Release|Any CPU.Build.0 = Release|Any CPU
		{EFC8B703-C31F-4A00-BE93-B8F28F52CFED}.Release|Mixed Platforms.ActiveCfg = Release|Any CPU
		{EFC8B703-C31F-4A00-BE93-B8F28F52CFED}.Release|Mixed Platforms.Build.0 = Release|Any CPU
		{EFC8B703-C31F-4A00-BE93-B8F28F52CFED}.Release|x86.ActiveCfg = Release|Any CPU
		{EEB3EA0A-1F71-4187-AA58-A8BC6B46981B}.Debug|Any CPU.ActiveCfg = Debug|Any CPU
		{EEB3EA0A-1F71-4187-AA58-A8BC6B46981B}.Debug|Any CPU.Build.0 = Debug|Any CPU
		{EEB3EA0A-1F71-4187-AA58-A8BC6B46981B}.Debug|Mixed Platforms.ActiveCfg = Debug|Any CPU
		{EEB3EA0A-1F71-4187-AA58-A8BC6B46981B}.Debug|Mixed Platforms.Build.0 = Debug|Any CPU
		{EEB3EA0A-1F71-4187-AA58-A8BC6B46981B}.Debug|x86.ActiveCfg = Debug|Any CPU
		{EEB3EA0A-1F71-4187-AA58-A8BC6B46981B}.Release|Any CPU.ActiveCfg = Release|Any CPU
		{EEB3EA0A-1F71-4187-AA58-A8BC6B46981B}.Release|Any CPU.Build.0 = Release|Any CPU
		{EEB3EA0A-1F71-4187-AA58-A8BC6B46981B}.Release|Mixed Platforms.ActiveCfg = Release|Any CPU
		{EEB3EA0A-1F71-4187-AA58-A8BC6B46981B}.Release|Mixed Platforms.Build.0 = Release|Any CPU
		{EEB3EA0A-1F71-4187-AA58-A8BC6B46981B}.Release|x86.ActiveCfg = Release|Any CPU
		{0B6AA1D5-FE41-4EF2-9BE3-AE47D45680AA}.Debug|Any CPU.ActiveCfg = Debug|x86
		{0B6AA1D5-FE41-4EF2-9BE3-AE47D45680AA}.Debug|Any CPU.Build.0 = Debug|x86
		{0B6AA1D5-FE41-4EF2-9BE3-AE47D45680AA}.Debug|Mixed Platforms.ActiveCfg = Debug|x86
		{0B6AA1D5-FE41-4EF2-9BE3-AE47D45680AA}.Debug|Mixed Platforms.Build.0 = Debug|x86
		{0B6AA1D5-FE41-4EF2-9BE3-AE47D45680AA}.Debug|x86.ActiveCfg = Debug|x86
		{0B6AA1D5-FE41-4EF2-9BE3-AE47D45680AA}.Debug|x86.Build.0 = Debug|x86
		{0B6AA1D5-FE41-4EF2-9BE3-AE47D45680AA}.Release|Any CPU.ActiveCfg = Release|x86
		{0B6AA1D5-FE41-4EF2-9BE3-AE47D45680AA}.Release|Any CPU.Build.0 = Release|x86
		{0B6AA1D5-FE41-4EF2-9BE3-AE47D45680AA}.Release|Mixed Platforms.ActiveCfg = Release|x86
		{0B6AA1D5-FE41-4EF2-9BE3-AE47D45680AA}.Release|Mixed Platforms.Build.0 = Release|x86
		{0B6AA1D5-FE41-4EF2-9BE3-AE47D45680AA}.Release|x86.ActiveCfg = Release|x86
		{0B6AA1D5-FE41-4EF2-9BE3-AE47D45680AA}.Release|x86.Build.0 = Release|x86
		{7731F7AD-15D5-45EC-AE35-60B498E7973C}.Debug|Any CPU.ActiveCfg = Debug|Any CPU
		{7731F7AD-15D5-45EC-AE35-60B498E7973C}.Debug|Any CPU.Build.0 = Debug|Any CPU
		{7731F7AD-15D5-45EC-AE35-60B498E7973C}.Debug|Mixed Platforms.ActiveCfg = Debug|Any CPU
		{7731F7AD-15D5-45EC-AE35-60B498E7973C}.Debug|Mixed Platforms.Build.0 = Debug|Any CPU
		{7731F7AD-15D5-45EC-AE35-60B498E7973C}.Debug|x86.ActiveCfg = Debug|Any CPU
		{7731F7AD-15D5-45EC-AE35-60B498E7973C}.Release|Any CPU.ActiveCfg = Release|Any CPU
		{7731F7AD-15D5-45EC-AE35-60B498E7973C}.Release|Any CPU.Build.0 = Release|Any CPU
		{7731F7AD-15D5-45EC-AE35-60B498E7973C}.Release|Mixed Platforms.ActiveCfg = Release|Any CPU
		{7731F7AD-15D5-45EC-AE35-60B498E7973C}.Release|Mixed Platforms.Build.0 = Release|Any CPU
		{7731F7AD-15D5-45EC-AE35-60B498E7973C}.Release|x86.ActiveCfg = Release|Any CPU
		{8228D578-E9D3-4063-9C97-33A6639916E5}.Debug|Any CPU.ActiveCfg = Debug
		{8228D578-E9D3-4063-9C97-33A6639916E5}.Debug|Mixed Platforms.ActiveCfg = Debug
		{8228D578-E9D3-4063-9C97-33A6639916E5}.Debug|x86.ActiveCfg = Debug
		{8228D578-E9D3-4063-9C97-33A6639916E5}.Release|Any CPU.ActiveCfg = Release
		{8228D578-E9D3-4063-9C97-33A6639916E5}.Release|Mixed Platforms.ActiveCfg = Release
		{8228D578-E9D3-4063-9C97-33A6639916E5}.Release|x86.ActiveCfg = Release
	EndGlobalSection
	GlobalSection(SolutionProperties) = preSolution
		HideSolutionNode = FALSE
	EndGlobalSection
	GlobalSection(NestedProjects) = preSolution
		{A7DF8444-F702-4673-8355-0E8E472D2F8F} = {CD171F0C-0E83-4995-B820-A63986CEB02A}
		{1B28D76C-65F2-4442-9AFC-C67650D903AE} = {CD171F0C-0E83-4995-B820-A63986CEB02A}
		{ED825F9C-771A-4041-B6F5-5AFD719A7D12} = {CD171F0C-0E83-4995-B820-A63986CEB02A}
		{4AA6FCD4-C78C-481D-85F8-907CEBD74DA2} = {CD171F0C-0E83-4995-B820-A63986CEB02A}
		{A23AB591-0BC9-4147-AE82-F48211244C2A} = {A7DF8444-F702-4673-8355-0E8E472D2F8F}
		{0B6AA1D5-FE41-4EF2-9BE3-AE47D45680AA} = {A7DF8444-F702-4673-8355-0E8E472D2F8F}
		{D39C86A4-D4AD-4747-A918-35C36A2846D8} = {1B28D76C-65F2-4442-9AFC-C67650D903AE}
		{1DE70537-B106-4DD3-8849-879D1F6CB5A3} = {ED825F9C-771A-4041-B6F5-5AFD719A7D12}
		{E4147BEB-2DC0-4CC0-ACF4-EFA70103141D} = {4AA6FCD4-C78C-481D-85F8-907CEBD74DA2}
		{E5EEBB40-5059-4028-9123-965972B01E35} = {4AA6FCD4-C78C-481D-85F8-907CEBD74DA2}
		{AE91482B-725D-4630-AE86-BCD86A85A0B4} = {E4147BEB-2DC0-4CC0-ACF4-EFA70103141D}
		{B13121F8-1D3F-482C-96EA-06675871102A} = {E4147BEB-2DC0-4CC0-ACF4-EFA70103141D}
		{5B5678E4-6C11-4A70-A90B-BF7673D081FD} = {AE91482B-725D-4630-AE86-BCD86A85A0B4}
		{7731F7AD-15D5-45EC-AE35-60B498E7973C} = {E5EEBB40-5059-4028-9123-965972B01E35}
		{EEB3EA0A-1F71-4187-AA58-A8BC6B46981B} = {38EFCF35-CC29-45C2-A822-408D9845A911}
		{A971E9EA-667A-4B11-9670-64EED36B3F35} = {38EFCF35-CC29-45C2-A822-408D9845A911}
	EndGlobalSection
EndGlobal
